// !$*UTF8*$!
{
	archiveVersion = 1;
	classes = {
	};
	objectVersion = 56;
	objects = {

/* Begin PBXBuildFile section */
		3131D7CD29399E54008E2E19 /* Element.swift in Sources */ = {isa = PBXBuildFile; fileRef = 3131D7CC29399E54008E2E19 /* Element.swift */; };
		3131D7CF293A34AD008E2E19 /* ElementType.swift in Sources */ = {isa = PBXBuildFile; fileRef = 3131D7CE293A34AD008E2E19 /* ElementType.swift */; };
		3131D7D1293A8D7A008E2E19 /* ElementMovingState.swift in Sources */ = {isa = PBXBuildFile; fileRef = 3131D7D0293A8D7A008E2E19 /* ElementMovingState.swift */; };
		3131D7D3293A8E21008E2E19 /* ElementPauseState.swift in Sources */ = {isa = PBXBuildFile; fileRef = 3131D7D2293A8E21008E2E19 /* ElementPauseState.swift */; };
		3131D7D5293A8F40008E2E19 /* SKStateNode.swift in Sources */ = {isa = PBXBuildFile; fileRef = 3131D7D4293A8F40008E2E19 /* SKStateNode.swift */; };
		314F8BFE294013DE00DDFF5B /* music.mp3 in Resources */ = {isa = PBXBuildFile; fileRef = 314F8BFD294013DE00DDFF5B /* music.mp3 */; };
		317F7CDF293823E90086EB94 /* SKButton.swift in Sources */ = {isa = PBXBuildFile; fileRef = 317F7CDE293823E90086EB94 /* SKButton.swift */; };
		317F7CE2293829470086EB94 /* ProgressBarNode.swift in Sources */ = {isa = PBXBuildFile; fileRef = 317F7CE1293829470086EB94 /* ProgressBarNode.swift */; };
		31E778392937AED6004C8E20 /* AppDelegate.swift in Sources */ = {isa = PBXBuildFile; fileRef = 31E778382937AED6004C8E20 /* AppDelegate.swift */; };
		31E7783B2937AED6004C8E20 /* GameViewController.swift in Sources */ = {isa = PBXBuildFile; fileRef = 31E7783A2937AED6004C8E20 /* GameViewController.swift */; };
		31E7783E2937AED6004C8E20 /* Main.storyboard in Resources */ = {isa = PBXBuildFile; fileRef = 31E7783C2937AED6004C8E20 /* Main.storyboard */; };
		31E778412937AED6004C8E20 /* LaunchScreen.storyboard in Resources */ = {isa = PBXBuildFile; fileRef = 31E7783F2937AED6004C8E20 /* LaunchScreen.storyboard */; };
		31E778442937AED6004C8E20 /* GameScene.swift in Sources */ = {isa = PBXBuildFile; fileRef = 31E7782F2937AED6004C8E20 /* GameScene.swift */; };
		31E778452937AED6004C8E20 /* Assets.xcassets in Resources */ = {isa = PBXBuildFile; fileRef = 31E778302937AED6004C8E20 /* Assets.xcassets */; };
		31E7784C2937B493004C8E20 /* Class+Extensions.swift in Sources */ = {isa = PBXBuildFile; fileRef = 31E7784B2937B493004C8E20 /* Class+Extensions.swift */; };
		31E7784F2937B95B004C8E20 /* BackgroundNode.swift in Sources */ = {isa = PBXBuildFile; fileRef = 31E7784E2937B95B004C8E20 /* BackgroundNode.swift */; };
		31E778512937B98B004C8E20 /* BackgroundMovingState.swift in Sources */ = {isa = PBXBuildFile; fileRef = 31E778502937B98B004C8E20 /* BackgroundMovingState.swift */; };
		31E778532937B995004C8E20 /* BackgroundPauseState.swift in Sources */ = {isa = PBXBuildFile; fileRef = 31E778522937B995004C8E20 /* BackgroundPauseState.swift */; };
		31E778552937C76F004C8E20 /* GroundNode.swift in Sources */ = {isa = PBXBuildFile; fileRef = 31E778542937C76F004C8E20 /* GroundNode.swift */; };
		31E778582937DD71004C8E20 /* PlayerNode.swift in Sources */ = {isa = PBXBuildFile; fileRef = 31E778572937DD71004C8E20 /* PlayerNode.swift */; };
		31E7785A2937DD7C004C8E20 /* PlayerRuningState.swift in Sources */ = {isa = PBXBuildFile; fileRef = 31E778592937DD7C004C8E20 /* PlayerRuningState.swift */; };
		31E7785C2937DD8A004C8E20 /* PlayerJumpingState.swift in Sources */ = {isa = PBXBuildFile; fileRef = 31E7785B2937DD8A004C8E20 /* PlayerJumpingState.swift */; };
		31E7785E2937DDA0004C8E20 /* PlayerPauseState.swift in Sources */ = {isa = PBXBuildFile; fileRef = 31E7785D2937DDA0004C8E20 /* PlayerPauseState.swift */; };
		31F3EFF6293CE3590020907E /* GameTimer.swift in Sources */ = {isa = PBXBuildFile; fileRef = 31F3EFF5293CE3590020907E /* GameTimer.swift */; };
		31F3EFF8293CE7030020907E /* PhysicsCategory.swift in Sources */ = {isa = PBXBuildFile; fileRef = 31F3EFF7293CE7030020907E /* PhysicsCategory.swift */; };
		3F6E5385293FF1160060AEA2 /* Localizable.strings in Resources */ = {isa = PBXBuildFile; fileRef = 3F6E5387293FF1160060AEA2 /* Localizable.strings */; };
		88F3A32429390EF600561FED /* ElementFactory.swift in Sources */ = {isa = PBXBuildFile; fileRef = 88F3A32329390EF600561FED /* ElementFactory.swift */; };
		F388228E2940164300869D71 /* Avaliacao.swift in Sources */ = {isa = PBXBuildFile; fileRef = F388228D2940164300869D71 /* Avaliacao.swift */; };
/* End PBXBuildFile section */

/* Begin PBXFileReference section */
		3131D7CC29399E54008E2E19 /* Element.swift */ = {isa = PBXFileReference; lastKnownFileType = sourcecode.swift; path = Element.swift; sourceTree = "<group>"; };
		3131D7CE293A34AD008E2E19 /* ElementType.swift */ = {isa = PBXFileReference; lastKnownFileType = sourcecode.swift; path = ElementType.swift; sourceTree = "<group>"; };
		3131D7D0293A8D7A008E2E19 /* ElementMovingState.swift */ = {isa = PBXFileReference; lastKnownFileType = sourcecode.swift; path = ElementMovingState.swift; sourceTree = "<group>"; };
		3131D7D2293A8E21008E2E19 /* ElementPauseState.swift */ = {isa = PBXFileReference; lastKnownFileType = sourcecode.swift; path = ElementPauseState.swift; sourceTree = "<group>"; };
		3131D7D4293A8F40008E2E19 /* SKStateNode.swift */ = {isa = PBXFileReference; lastKnownFileType = sourcecode.swift; path = SKStateNode.swift; sourceTree = "<group>"; };
		314F8BFD294013DE00DDFF5B /* music.mp3 */ = {isa = PBXFileReference; lastKnownFileType = audio.mp3; path = music.mp3; sourceTree = "<group>"; };
		317F7CDE293823E90086EB94 /* SKButton.swift */ = {isa = PBXFileReference; lastKnownFileType = sourcecode.swift; path = SKButton.swift; sourceTree = "<group>"; };
		317F7CE1293829470086EB94 /* ProgressBarNode.swift */ = {isa = PBXFileReference; lastKnownFileType = sourcecode.swift; path = ProgressBarNode.swift; sourceTree = "<group>"; };
		31E7782F2937AED6004C8E20 /* GameScene.swift */ = {isa = PBXFileReference; lastKnownFileType = sourcecode.swift; path = GameScene.swift; sourceTree = "<group>"; };
		31E778302937AED6004C8E20 /* Assets.xcassets */ = {isa = PBXFileReference; lastKnownFileType = folder.assetcatalog; path = Assets.xcassets; sourceTree = "<group>"; };
		31E778352937AED6004C8E20 /* MiniChallenge002.app */ = {isa = PBXFileReference; explicitFileType = wrapper.application; includeInIndex = 0; path = MiniChallenge002.app; sourceTree = BUILT_PRODUCTS_DIR; };
		31E778382937AED6004C8E20 /* AppDelegate.swift */ = {isa = PBXFileReference; lastKnownFileType = sourcecode.swift; path = AppDelegate.swift; sourceTree = "<group>"; };
		31E7783A2937AED6004C8E20 /* GameViewController.swift */ = {isa = PBXFileReference; lastKnownFileType = sourcecode.swift; path = GameViewController.swift; sourceTree = "<group>"; };
		31E7783D2937AED6004C8E20 /* Base */ = {isa = PBXFileReference; lastKnownFileType = file.storyboard; name = Base; path = Base.lproj/Main.storyboard; sourceTree = "<group>"; };
		31E778402937AED6004C8E20 /* Base */ = {isa = PBXFileReference; lastKnownFileType = file.storyboard; name = Base; path = Base.lproj/LaunchScreen.storyboard; sourceTree = "<group>"; };
		31E7784B2937B493004C8E20 /* Class+Extensions.swift */ = {isa = PBXFileReference; lastKnownFileType = sourcecode.swift; path = "Class+Extensions.swift"; sourceTree = "<group>"; };
		31E7784E2937B95B004C8E20 /* BackgroundNode.swift */ = {isa = PBXFileReference; lastKnownFileType = sourcecode.swift; path = BackgroundNode.swift; sourceTree = "<group>"; };
		31E778502937B98B004C8E20 /* BackgroundMovingState.swift */ = {isa = PBXFileReference; lastKnownFileType = sourcecode.swift; path = BackgroundMovingState.swift; sourceTree = "<group>"; };
		31E778522937B995004C8E20 /* BackgroundPauseState.swift */ = {isa = PBXFileReference; lastKnownFileType = sourcecode.swift; path = BackgroundPauseState.swift; sourceTree = "<group>"; };
		31E778542937C76F004C8E20 /* GroundNode.swift */ = {isa = PBXFileReference; lastKnownFileType = sourcecode.swift; path = GroundNode.swift; sourceTree = "<group>"; };
		31E778572937DD71004C8E20 /* PlayerNode.swift */ = {isa = PBXFileReference; lastKnownFileType = sourcecode.swift; path = PlayerNode.swift; sourceTree = "<group>"; };
		31E778592937DD7C004C8E20 /* PlayerRuningState.swift */ = {isa = PBXFileReference; lastKnownFileType = sourcecode.swift; path = PlayerRuningState.swift; sourceTree = "<group>"; };
		31E7785B2937DD8A004C8E20 /* PlayerJumpingState.swift */ = {isa = PBXFileReference; lastKnownFileType = sourcecode.swift; path = PlayerJumpingState.swift; sourceTree = "<group>"; };
		31E7785D2937DDA0004C8E20 /* PlayerPauseState.swift */ = {isa = PBXFileReference; lastKnownFileType = sourcecode.swift; path = PlayerPauseState.swift; sourceTree = "<group>"; };
		31F3EFF5293CE3590020907E /* GameTimer.swift */ = {isa = PBXFileReference; lastKnownFileType = sourcecode.swift; path = GameTimer.swift; sourceTree = "<group>"; };
		31F3EFF7293CE7030020907E /* PhysicsCategory.swift */ = {isa = PBXFileReference; lastKnownFileType = sourcecode.swift; path = PhysicsCategory.swift; sourceTree = "<group>"; };
		3F6E5383293FF10C0060AEA2 /* pt-BR */ = {isa = PBXFileReference; lastKnownFileType = text.plist.strings; name = "pt-BR"; path = "pt-BR.lproj/Main.strings"; sourceTree = "<group>"; };
		3F6E5384293FF10C0060AEA2 /* pt-BR */ = {isa = PBXFileReference; lastKnownFileType = text.plist.strings; name = "pt-BR"; path = "pt-BR.lproj/LaunchScreen.strings"; sourceTree = "<group>"; };
		3F6E5386293FF1160060AEA2 /* pt-BR */ = {isa = PBXFileReference; lastKnownFileType = text.plist.strings; name = "pt-BR"; path = "pt-BR.lproj/Localizable.strings"; sourceTree = "<group>"; };
		88F3A32329390EF600561FED /* ElementFactory.swift */ = {isa = PBXFileReference; lastKnownFileType = sourcecode.swift; path = ElementFactory.swift; sourceTree = "<group>"; };
		F388228D2940164300869D71 /* Avaliacao.swift */ = {isa = PBXFileReference; lastKnownFileType = sourcecode.swift; path = Avaliacao.swift; sourceTree = "<group>"; };
/* End PBXFileReference section */

/* Begin PBXFrameworksBuildPhase section */
		31E778322937AED6004C8E20 /* Frameworks */ = {
			isa = PBXFrameworksBuildPhase;
			buildActionMask = 2147483647;
			files = (
			);
			runOnlyForDeploymentPostprocessing = 0;
		};
/* End PBXFrameworksBuildPhase section */

/* Begin PBXGroup section */
		314F8BFC294013BC00DDFF5B /* Music */ = {
			isa = PBXGroup;
			children = (
				314F8BFD294013DE00DDFF5B /* music.mp3 */,
			);
			path = Music;
			sourceTree = "<group>";
		};
		317F7CDD293823DB0086EB94 /* ButtonNode */ = {
			isa = PBXGroup;
			children = (
				317F7CDE293823E90086EB94 /* SKButton.swift */,
			);
			path = ButtonNode;
			sourceTree = "<group>";
		};
		317F7CE0293829340086EB94 /* ProgressBarNode */ = {
			isa = PBXGroup;
			children = (
				317F7CE1293829470086EB94 /* ProgressBarNode.swift */,
			);
			path = ProgressBarNode;
			sourceTree = "<group>";
		};
		31E778272937AED6004C8E20 = {
			isa = PBXGroup;
			children = (
				31E7782C2937AED6004C8E20 /* MiniChallenge002 Shared */,
				31E778372937AED6004C8E20 /* MiniChallenge002 iOS */,
				31E778362937AED6004C8E20 /* Products */,
			);
			sourceTree = "<group>";
		};
		31E7782C2937AED6004C8E20 /* MiniChallenge002 Shared */ = {
			isa = PBXGroup;
			children = (
				F388228C2940162E00869D71 /* Avaliacao */,
				314F8BFC294013BC00DDFF5B /* Music */,
				31F3EFF4293CE3370020907E /* Util */,
				88F3A32229390EC500561FED /* ElementNode */,
				317F7CE0293829340086EB94 /* ProgressBarNode */,
				317F7CDD293823DB0086EB94 /* ButtonNode */,
				31E778562937DD62004C8E20 /* PlayerNode */,
				31E7784D2937B8BA004C8E20 /* BackgroundNode */,
				31E7782F2937AED6004C8E20 /* GameScene.swift */,
				31E778302937AED6004C8E20 /* Assets.xcassets */,
			);
			path = "MiniChallenge002 Shared";
			sourceTree = "<group>";
		};
		31E778362937AED6004C8E20 /* Products */ = {
			isa = PBXGroup;
			children = (
				31E778352937AED6004C8E20 /* MiniChallenge002.app */,
			);
			name = Products;
			sourceTree = "<group>";
		};
		31E778372937AED6004C8E20 /* MiniChallenge002 iOS */ = {
			isa = PBXGroup;
			children = (
				31E7784B2937B493004C8E20 /* Class+Extensions.swift */,
				31E778382937AED6004C8E20 /* AppDelegate.swift */,
				31E7783A2937AED6004C8E20 /* GameViewController.swift */,
				3F6E5387293FF1160060AEA2 /* Localizable.strings */,
				31E7783C2937AED6004C8E20 /* Main.storyboard */,
				31E7783F2937AED6004C8E20 /* LaunchScreen.storyboard */,
			);
			path = "MiniChallenge002 iOS";
			sourceTree = "<group>";
		};
		31E7784D2937B8BA004C8E20 /* BackgroundNode */ = {
			isa = PBXGroup;
			children = (
				31E7784E2937B95B004C8E20 /* BackgroundNode.swift */,
				31E778502937B98B004C8E20 /* BackgroundMovingState.swift */,
				31E778522937B995004C8E20 /* BackgroundPauseState.swift */,
				31E778542937C76F004C8E20 /* GroundNode.swift */,
			);
			path = BackgroundNode;
			sourceTree = "<group>";
		};
		31E778562937DD62004C8E20 /* PlayerNode */ = {
			isa = PBXGroup;
			children = (
				31E778572937DD71004C8E20 /* PlayerNode.swift */,
				31E778592937DD7C004C8E20 /* PlayerRuningState.swift */,
				31E7785B2937DD8A004C8E20 /* PlayerJumpingState.swift */,
				31E7785D2937DDA0004C8E20 /* PlayerPauseState.swift */,
			);
			path = PlayerNode;
			sourceTree = "<group>";
		};
		31F3EFF4293CE3370020907E /* Util */ = {
			isa = PBXGroup;
			children = (
				3131D7D4293A8F40008E2E19 /* SKStateNode.swift */,
				31F3EFF5293CE3590020907E /* GameTimer.swift */,
				31F3EFF7293CE7030020907E /* PhysicsCategory.swift */,
			);
			path = Util;
			sourceTree = "<group>";
		};
		88F3A32229390EC500561FED /* ElementNode */ = {
			isa = PBXGroup;
			children = (
				3131D7CC29399E54008E2E19 /* Element.swift */,
				3131D7CE293A34AD008E2E19 /* ElementType.swift */,
				3131D7D0293A8D7A008E2E19 /* ElementMovingState.swift */,
				3131D7D2293A8E21008E2E19 /* ElementPauseState.swift */,
				88F3A32329390EF600561FED /* ElementFactory.swift */,
			);
			path = ElementNode;
			sourceTree = "<group>";
		};
		F388228C2940162E00869D71 /* Avaliacao */ = {
			isa = PBXGroup;
			children = (
				F388228D2940164300869D71 /* Avaliacao.swift */,
			);
			path = Avaliacao;
			sourceTree = "<group>";
		};
/* End PBXGroup section */

/* Begin PBXNativeTarget section */
		31E778342937AED6004C8E20 /* MiniChallenge002 iOS */ = {
			isa = PBXNativeTarget;
			buildConfigurationList = 31E778482937AED6004C8E20 /* Build configuration list for PBXNativeTarget "MiniChallenge002 iOS" */;
			buildPhases = (
				31E778312937AED6004C8E20 /* Sources */,
				31E778322937AED6004C8E20 /* Frameworks */,
				31E778332937AED6004C8E20 /* Resources */,
			);
			buildRules = (
			);
			dependencies = (
			);
			name = "MiniChallenge002 iOS";
			productName = "MiniChallenge002 iOS";
			productReference = 31E778352937AED6004C8E20 /* MiniChallenge002.app */;
			productType = "com.apple.product-type.application";
		};
/* End PBXNativeTarget section */

/* Begin PBXProject section */
		31E778282937AED6004C8E20 /* Project object */ = {
			isa = PBXProject;
			attributes = {
				BuildIndependentTargetsInParallel = 1;
				LastSwiftUpdateCheck = 1410;
				LastUpgradeCheck = 1410;
				TargetAttributes = {
					31E778342937AED6004C8E20 = {
						CreatedOnToolsVersion = 14.1;
					};
				};
			};
			buildConfigurationList = 31E7782B2937AED6004C8E20 /* Build configuration list for PBXProject "MiniChallenge002" */;
			compatibilityVersion = "Xcode 14.0";
			developmentRegion = en;
			hasScannedForEncodings = 0;
			knownRegions = (
				en,
				Base,
				"pt-BR",
			);
			mainGroup = 31E778272937AED6004C8E20;
			productRefGroup = 31E778362937AED6004C8E20 /* Products */;
			projectDirPath = "";
			projectRoot = "";
			targets = (
				31E778342937AED6004C8E20 /* MiniChallenge002 iOS */,
			);
		};
/* End PBXProject section */

/* Begin PBXResourcesBuildPhase section */
		31E778332937AED6004C8E20 /* Resources */ = {
			isa = PBXResourcesBuildPhase;
			buildActionMask = 2147483647;
			files = (
				314F8BFE294013DE00DDFF5B /* music.mp3 in Resources */,
				3F6E5385293FF1160060AEA2 /* Localizable.strings in Resources */,
				31E7783E2937AED6004C8E20 /* Main.storyboard in Resources */,
				31E778412937AED6004C8E20 /* LaunchScreen.storyboard in Resources */,
				31E778452937AED6004C8E20 /* Assets.xcassets in Resources */,
			);
			runOnlyForDeploymentPostprocessing = 0;
		};
/* End PBXResourcesBuildPhase section */

/* Begin PBXSourcesBuildPhase section */
		31E778312937AED6004C8E20 /* Sources */ = {
			isa = PBXSourcesBuildPhase;
			buildActionMask = 2147483647;
			files = (
				3131D7CD29399E54008E2E19 /* Element.swift in Sources */,
				31E778552937C76F004C8E20 /* GroundNode.swift in Sources */,
				31E778442937AED6004C8E20 /* GameScene.swift in Sources */,
				31E778582937DD71004C8E20 /* PlayerNode.swift in Sources */,
				31E7785A2937DD7C004C8E20 /* PlayerRuningState.swift in Sources */,
				31F3EFF8293CE7030020907E /* PhysicsCategory.swift in Sources */,
				317F7CE2293829470086EB94 /* ProgressBarNode.swift in Sources */,
				3131D7D3293A8E21008E2E19 /* ElementPauseState.swift in Sources */,
				31E7785C2937DD8A004C8E20 /* PlayerJumpingState.swift in Sources */,
				31E7785E2937DDA0004C8E20 /* PlayerPauseState.swift in Sources */,
				31E7783B2937AED6004C8E20 /* GameViewController.swift in Sources */,
				31E7784C2937B493004C8E20 /* Class+Extensions.swift in Sources */,
				3131D7D1293A8D7A008E2E19 /* ElementMovingState.swift in Sources */,
				31E778512937B98B004C8E20 /* BackgroundMovingState.swift in Sources */,
				3131D7CF293A34AD008E2E19 /* ElementType.swift in Sources */,
				31E778392937AED6004C8E20 /* AppDelegate.swift in Sources */,
				88F3A32429390EF600561FED /* ElementFactory.swift in Sources */,
				31E778532937B995004C8E20 /* BackgroundPauseState.swift in Sources */,
				31F3EFF6293CE3590020907E /* GameTimer.swift in Sources */,
				3131D7D5293A8F40008E2E19 /* SKStateNode.swift in Sources */,
				F388228E2940164300869D71 /* Avaliacao.swift in Sources */,
				31E7784F2937B95B004C8E20 /* BackgroundNode.swift in Sources */,
				317F7CDF293823E90086EB94 /* SKButton.swift in Sources */,
			);
			runOnlyForDeploymentPostprocessing = 0;
		};
/* End PBXSourcesBuildPhase section */

/* Begin PBXVariantGroup section */
		31E7783C2937AED6004C8E20 /* Main.storyboard */ = {
			isa = PBXVariantGroup;
			children = (
				31E7783D2937AED6004C8E20 /* Base */,
				3F6E5383293FF10C0060AEA2 /* pt-BR */,
			);
			name = Main.storyboard;
			sourceTree = "<group>";
		};
		31E7783F2937AED6004C8E20 /* LaunchScreen.storyboard */ = {
			isa = PBXVariantGroup;
			children = (
				31E778402937AED6004C8E20 /* Base */,
				3F6E5384293FF10C0060AEA2 /* pt-BR */,
			);
			name = LaunchScreen.storyboard;
			sourceTree = "<group>";
		};
		3F6E5387293FF1160060AEA2 /* Localizable.strings */ = {
			isa = PBXVariantGroup;
			children = (
				3F6E5386293FF1160060AEA2 /* pt-BR */,
			);
			name = Localizable.strings;
			sourceTree = "<group>";
		};
/* End PBXVariantGroup section */

/* Begin XCBuildConfiguration section */
		31E778462937AED6004C8E20 /* Debug */ = {
			isa = XCBuildConfiguration;
			buildSettings = {
				ALWAYS_SEARCH_USER_PATHS = NO;
				CLANG_ANALYZER_LOCALIZABILITY_NONLOCALIZED = YES;
				CLANG_ANALYZER_NONNULL = YES;
				CLANG_ANALYZER_NUMBER_OBJECT_CONVERSION = YES_AGGRESSIVE;
				CLANG_CXX_LANGUAGE_STANDARD = "gnu++20";
				CLANG_ENABLE_MODULES = YES;
				CLANG_ENABLE_OBJC_ARC = YES;
				CLANG_ENABLE_OBJC_WEAK = YES;
				CLANG_WARN_BLOCK_CAPTURE_AUTORELEASING = YES;
				CLANG_WARN_BOOL_CONVERSION = YES;
				CLANG_WARN_COMMA = YES;
				CLANG_WARN_CONSTANT_CONVERSION = YES;
				CLANG_WARN_DEPRECATED_OBJC_IMPLEMENTATIONS = YES;
				CLANG_WARN_DIRECT_OBJC_ISA_USAGE = YES_ERROR;
				CLANG_WARN_DOCUMENTATION_COMMENTS = YES;
				CLANG_WARN_EMPTY_BODY = YES;
				CLANG_WARN_ENUM_CONVERSION = YES;
				CLANG_WARN_INFINITE_RECURSION = YES;
				CLANG_WARN_INT_CONVERSION = YES;
				CLANG_WARN_NON_LITERAL_NULL_CONVERSION = YES;
				CLANG_WARN_OBJC_IMPLICIT_RETAIN_SELF = YES;
				CLANG_WARN_OBJC_LITERAL_CONVERSION = YES;
				CLANG_WARN_OBJC_ROOT_CLASS = YES_ERROR;
				CLANG_WARN_QUOTED_INCLUDE_IN_FRAMEWORK_HEADER = YES;
				CLANG_WARN_RANGE_LOOP_ANALYSIS = YES;
				CLANG_WARN_STRICT_PROTOTYPES = YES;
				CLANG_WARN_SUSPICIOUS_MOVE = YES;
				CLANG_WARN_UNGUARDED_AVAILABILITY = YES_AGGRESSIVE;
				CLANG_WARN_UNREACHABLE_CODE = YES;
				CLANG_WARN__DUPLICATE_METHOD_MATCH = YES;
				COPY_PHASE_STRIP = NO;
				DEBUG_INFORMATION_FORMAT = dwarf;
				ENABLE_STRICT_OBJC_MSGSEND = YES;
				ENABLE_TESTABILITY = YES;
				GCC_C_LANGUAGE_STANDARD = gnu11;
				GCC_DYNAMIC_NO_PIC = NO;
				GCC_NO_COMMON_BLOCKS = YES;
				GCC_OPTIMIZATION_LEVEL = 0;
				GCC_PREPROCESSOR_DEFINITIONS = (
					"DEBUG=1",
					"$(inherited)",
				);
				GCC_WARN_64_TO_32_BIT_CONVERSION = YES;
				GCC_WARN_ABOUT_RETURN_TYPE = YES_ERROR;
				GCC_WARN_UNDECLARED_SELECTOR = YES;
				GCC_WARN_UNINITIALIZED_AUTOS = YES_AGGRESSIVE;
				GCC_WARN_UNUSED_FUNCTION = YES;
				GCC_WARN_UNUSED_VARIABLE = YES;
				MTL_ENABLE_DEBUG_INFO = INCLUDE_SOURCE;
				MTL_FAST_MATH = YES;
				ONLY_ACTIVE_ARCH = YES;
				SWIFT_ACTIVE_COMPILATION_CONDITIONS = DEBUG;
				SWIFT_OPTIMIZATION_LEVEL = "-Onone";
			};
			name = Debug;
		};
		31E778472937AED6004C8E20 /* Release */ = {
			isa = XCBuildConfiguration;
			buildSettings = {
				ALWAYS_SEARCH_USER_PATHS = NO;
				CLANG_ANALYZER_LOCALIZABILITY_NONLOCALIZED = YES;
				CLANG_ANALYZER_NONNULL = YES;
				CLANG_ANALYZER_NUMBER_OBJECT_CONVERSION = YES_AGGRESSIVE;
				CLANG_CXX_LANGUAGE_STANDARD = "gnu++20";
				CLANG_ENABLE_MODULES = YES;
				CLANG_ENABLE_OBJC_ARC = YES;
				CLANG_ENABLE_OBJC_WEAK = YES;
				CLANG_WARN_BLOCK_CAPTURE_AUTORELEASING = YES;
				CLANG_WARN_BOOL_CONVERSION = YES;
				CLANG_WARN_COMMA = YES;
				CLANG_WARN_CONSTANT_CONVERSION = YES;
				CLANG_WARN_DEPRECATED_OBJC_IMPLEMENTATIONS = YES;
				CLANG_WARN_DIRECT_OBJC_ISA_USAGE = YES_ERROR;
				CLANG_WARN_DOCUMENTATION_COMMENTS = YES;
				CLANG_WARN_EMPTY_BODY = YES;
				CLANG_WARN_ENUM_CONVERSION = YES;
				CLANG_WARN_INFINITE_RECURSION = YES;
				CLANG_WARN_INT_CONVERSION = YES;
				CLANG_WARN_NON_LITERAL_NULL_CONVERSION = YES;
				CLANG_WARN_OBJC_IMPLICIT_RETAIN_SELF = YES;
				CLANG_WARN_OBJC_LITERAL_CONVERSION = YES;
				CLANG_WARN_OBJC_ROOT_CLASS = YES_ERROR;
				CLANG_WARN_QUOTED_INCLUDE_IN_FRAMEWORK_HEADER = YES;
				CLANG_WARN_RANGE_LOOP_ANALYSIS = YES;
				CLANG_WARN_STRICT_PROTOTYPES = YES;
				CLANG_WARN_SUSPICIOUS_MOVE = YES;
				CLANG_WARN_UNGUARDED_AVAILABILITY = YES_AGGRESSIVE;
				CLANG_WARN_UNREACHABLE_CODE = YES;
				CLANG_WARN__DUPLICATE_METHOD_MATCH = YES;
				COPY_PHASE_STRIP = NO;
				DEBUG_INFORMATION_FORMAT = "dwarf-with-dsym";
				ENABLE_NS_ASSERTIONS = NO;
				ENABLE_STRICT_OBJC_MSGSEND = YES;
				GCC_C_LANGUAGE_STANDARD = gnu11;
				GCC_NO_COMMON_BLOCKS = YES;
				GCC_WARN_64_TO_32_BIT_CONVERSION = YES;
				GCC_WARN_ABOUT_RETURN_TYPE = YES_ERROR;
				GCC_WARN_UNDECLARED_SELECTOR = YES;
				GCC_WARN_UNINITIALIZED_AUTOS = YES_AGGRESSIVE;
				GCC_WARN_UNUSED_FUNCTION = YES;
				GCC_WARN_UNUSED_VARIABLE = YES;
				MTL_ENABLE_DEBUG_INFO = NO;
				MTL_FAST_MATH = YES;
				SWIFT_COMPILATION_MODE = wholemodule;
				SWIFT_OPTIMIZATION_LEVEL = "-O";
			};
			name = Release;
		};
		31E778492937AED6004C8E20 /* Debug */ = {
			isa = XCBuildConfiguration;
			buildSettings = {
				ASSETCATALOG_COMPILER_APPICON_NAME = AppIcon;
				ASSETCATALOG_COMPILER_GLOBAL_ACCENT_COLOR_NAME = AccentColor;
				CODE_SIGN_STYLE = Automatic;
				CURRENT_PROJECT_VERSION = 1;
				DEVELOPMENT_TEAM = KFCLN3TFTY;
				GENERATE_INFOPLIST_FILE = YES;
				INFOPLIST_KEY_CFBundleDisplayName = "Last Leaf";
				INFOPLIST_KEY_LSApplicationCategoryType = "public.app-category.adventure-games";
				INFOPLIST_KEY_UIApplicationSupportsIndirectInputEvents = YES;
				INFOPLIST_KEY_UILaunchStoryboardName = LaunchScreen;
				INFOPLIST_KEY_UIMainStoryboardFile = Main;
				INFOPLIST_KEY_UIStatusBarHidden = YES;
				INFOPLIST_KEY_UISupportedInterfaceOrientations = "UIInterfaceOrientationLandscapeLeft UIInterfaceOrientationLandscapeRight";
				IPHONEOS_DEPLOYMENT_TARGET = 16.1;
				LD_RUNPATH_SEARCH_PATHS = (
					"$(inherited)",
					"@executable_path/Frameworks",
				);
				MARKETING_VERSION = 1.0;
				PRODUCT_BUNDLE_IDENTIFIER = LastLeaf;
				PRODUCT_NAME = MiniChallenge002;
				SDKROOT = iphoneos;
				SUPPORTED_PLATFORMS = "iphoneos iphonesimulator";
				SUPPORTS_MACCATALYST = NO;
				SUPPORTS_MAC_DESIGNED_FOR_IPHONE_IPAD = NO;
				SWIFT_EMIT_LOC_STRINGS = YES;
				SWIFT_VERSION = 5.0;
				TARGETED_DEVICE_FAMILY = 1;
			};
			name = Debug;
		};
		31E7784A2937AED6004C8E20 /* Release */ = {
			isa = XCBuildConfiguration;
			buildSettings = {
				ASSETCATALOG_COMPILER_APPICON_NAME = AppIcon;
				ASSETCATALOG_COMPILER_GLOBAL_ACCENT_COLOR_NAME = AccentColor;
				CODE_SIGN_STYLE = Automatic;
				CURRENT_PROJECT_VERSION = 1;
				DEVELOPMENT_TEAM = KFCLN3TFTY;
				GENERATE_INFOPLIST_FILE = YES;
				INFOPLIST_KEY_CFBundleDisplayName = "Last Leaf";
				INFOPLIST_KEY_LSApplicationCategoryType = "public.app-category.adventure-games";
				INFOPLIST_KEY_UIApplicationSupportsIndirectInputEvents = YES;
				INFOPLIST_KEY_UILaunchStoryboardName = LaunchScreen;
				INFOPLIST_KEY_UIMainStoryboardFile = Main;
				INFOPLIST_KEY_UIStatusBarHidden = YES;
				INFOPLIST_KEY_UISupportedInterfaceOrientations = "UIInterfaceOrientationLandscapeLeft UIInterfaceOrientationLandscapeRight";
				IPHONEOS_DEPLOYMENT_TARGET = 16.1;
				LD_RUNPATH_SEARCH_PATHS = (
					"$(inherited)",
					"@executable_path/Frameworks",
				);
				MARKETING_VERSION = 1.0;
				PRODUCT_BUNDLE_IDENTIFIER = "com.save-nature.MiniChallenge002";
				PRODUCT_NAME = MiniChallenge002;
				SDKROOT = iphoneos;
				SUPPORTED_PLATFORMS = "iphoneos iphonesimulator";
				SUPPORTS_MACCATALYST = NO;
				SUPPORTS_MAC_DESIGNED_FOR_IPHONE_IPAD = NO;
				SWIFT_EMIT_LOC_STRINGS = YES;
				SWIFT_VERSION = 5.0;
				TARGETED_DEVICE_FAMILY = 1;
				VALIDATE_PRODUCT = YES;
			};
			name = Release;
		};
/* End XCBuildConfiguration section */

/* Begin XCConfigurationList section */
		31E7782B2937AED6004C8E20 /* Build configuration list for PBXProject "MiniChallenge002" */ = {
			isa = XCConfigurationList;
			buildConfigurations = (
				31E778462937AED6004C8E20 /* Debug */,
				31E778472937AED6004C8E20 /* Release */,
			);
			defaultConfigurationIsVisible = 0;
			defaultConfigurationName = Release;
		};
		31E778482937AED6004C8E20 /* Build configuration list for PBXNativeTarget "MiniChallenge002 iOS" */ = {
			isa = XCConfigurationList;
			buildConfigurations = (
				31E778492937AED6004C8E20 /* Debug */,
				31E7784A2937AED6004C8E20 /* Release */,
			);
			defaultConfigurationIsVisible = 0;
			defaultConfigurationName = Release;
		};
/* End XCConfigurationList section */
	};
	rootObject = 31E778282937AED6004C8E20 /* Project object */;
}
